// !$*UTF8*$!
{
	archiveVersion = 1;
	classes = {
	};
	objectVersion = 46;
	objects = {

/* Begin PBXBuildFile section */
		2D6238A21E8AA726008E6099 /* AppDelegate.swift in Sources */ = {isa = PBXBuildFile; fileRef = 2D6238A11E8AA726008E6099 /* AppDelegate.swift */; };
		2D6238A41E8AA726008E6099 /* ViewController.swift in Sources */ = {isa = PBXBuildFile; fileRef = 2D6238A31E8AA726008E6099 /* ViewController.swift */; };
		2D6238A71E8AA726008E6099 /* Main.storyboard in Resources */ = {isa = PBXBuildFile; fileRef = 2D6238A51E8AA726008E6099 /* Main.storyboard */; };
		2D6238A91E8AA726008E6099 /* Assets.xcassets in Resources */ = {isa = PBXBuildFile; fileRef = 2D6238A81E8AA726008E6099 /* Assets.xcassets */; };
		2D6238AC1E8AA726008E6099 /* LaunchScreen.storyboard in Resources */ = {isa = PBXBuildFile; fileRef = 2D6238AA1E8AA726008E6099 /* LaunchScreen.storyboard */; };
		2D6238B71E8AA726008E6099 /* WorldTrotterTests.swift in Sources */ = {isa = PBXBuildFile; fileRef = 2D6238B61E8AA726008E6099 /* WorldTrotterTests.swift */; };
		2D6238C21E8AA726008E6099 /* WorldTrotterUITests.swift in Sources */ = {isa = PBXBuildFile; fileRef = 2D6238C11E8AA726008E6099 /* WorldTrotterUITests.swift */; };
/* End PBXBuildFile section */

/* Begin PBXContainerItemProxy section */
		2D6238B31E8AA726008E6099 /* PBXContainerItemProxy */ = {
			isa = PBXContainerItemProxy;
			containerPortal = 2D6238961E8AA725008E6099 /* Project object */;
			proxyType = 1;
			remoteGlobalIDString = 2D62389D1E8AA725008E6099;
			remoteInfo = WorldTrotter;
		};
		2D6238BE1E8AA726008E6099 /* PBXContainerItemProxy */ = {
			isa = PBXContainerItemProxy;
			containerPortal = 2D6238961E8AA725008E6099 /* Project object */;
			proxyType = 1;
			remoteGlobalIDString = 2D62389D1E8AA725008E6099;
			remoteInfo = WorldTrotter;
		};
/* End PBXContainerItemProxy section */

/* Begin PBXFileReference section */
		2D62389E1E8AA726008E6099 /* WorldTrotter.app */ = {isa = PBXFileReference; explicitFileType = wrapper.application; includeInIndex = 0; path = WorldTrotter.app; sourceTree = BUILT_PRODUCTS_DIR; };
		2D6238A11E8AA726008E6099 /* AppDelegate.swift */ = {isa = PBXFileReference; lastKnownFileType = sourcecode.swift; path = AppDelegate.swift; sourceTree = "<group>"; };
		2D6238A31E8AA726008E6099 /* ViewController.swift */ = {isa = PBXFileReference; lastKnownFileType = sourcecode.swift; path = ViewController.swift; sourceTree = "<group>"; };
		2D6238A61E8AA726008E6099 /* Base */ = {isa = PBXFileReference; lastKnownFileType = file.storyboard; name = Base; path = Base.lproj/Main.storyboard; sourceTree = "<group>"; };
		2D6238A81E8AA726008E6099 /* Assets.xcassets */ = {isa = PBXFileReference; lastKnownFileType = folder.assetcatalog; path = Assets.xcassets; sourceTree = "<group>"; };
		2D6238AB1E8AA726008E6099 /* Base */ = {isa = PBXFileReference; lastKnownFileType = file.storyboard; name = Base; path = Base.lproj/LaunchScreen.storyboard; sourceTree = "<group>"; };
		2D6238AD1E8AA726008E6099 /* Info.plist */ = {isa = PBXFileReference; lastKnownFileType = text.plist.xml; path = Info.plist; sourceTree = "<group>"; };
		2D6238B21E8AA726008E6099 /* WorldTrotterTests.xctest */ = {isa = PBXFileReference; explicitFileType = wrapper.cfbundle; includeInIndex = 0; path = WorldTrotterTests.xctest; sourceTree = BUILT_PRODUCTS_DIR; };
		2D6238B61E8AA726008E6099 /* WorldTrotterTests.swift */ = {isa = PBXFileReference; lastKnownFileType = sourcecode.swift; path = WorldTrotterTests.swift; sourceTree = "<group>"; };
		2D6238B81E8AA726008E6099 /* Info.plist */ = {isa = PBXFileReference; lastKnownFileType = text.plist.xml; path = Info.plist; sourceTree = "<group>"; };
		2D6238BD1E8AA726008E6099 /* WorldTrotterUITests.xctest */ = {isa = PBXFileReference; explicitFileType = wrapper.cfbundle; includeInIndex = 0; path = WorldTrotterUITests.xctest; sourceTree = BUILT_PRODUCTS_DIR; };
		2D6238C11E8AA726008E6099 /* WorldTrotterUITests.swift */ = {isa = PBXFileReference; lastKnownFileType = sourcecode.swift; path = WorldTrotterUITests.swift; sourceTree = "<group>"; };
		2D6238C31E8AA726008E6099 /* Info.plist */ = {isa = PBXFileReference; lastKnownFileType = text.plist.xml; path = Info.plist; sourceTree = "<group>"; };
/* End PBXFileReference section */

/* Begin PBXFrameworksBuildPhase section */
		2D62389B1E8AA725008E6099 /* Frameworks */ = {
			isa = PBXFrameworksBuildPhase;
			buildActionMask = 2147483647;
			files = (
			);
			runOnlyForDeploymentPostprocessing = 0;
		};
		2D6238AF1E8AA726008E6099 /* Frameworks */ = {
			isa = PBXFrameworksBuildPhase;
			buildActionMask = 2147483647;
			files = (
			);
			runOnlyForDeploymentPostprocessing = 0;
		};
		2D6238BA1E8AA726008E6099 /* Frameworks */ = {
			isa = PBXFrameworksBuildPhase;
			buildActionMask = 2147483647;
			files = (
			);
			runOnlyForDeploymentPostprocessing = 0;
		};
/* End PBXFrameworksBuildPhase section */

/* Begin PBXGroup section */
		2D6238951E8AA725008E6099 = {
			isa = PBXGroup;
			children = (
				2D6238A01E8AA726008E6099 /* WorldTrotter */,
				2D6238B51E8AA726008E6099 /* WorldTrotterTests */,
				2D6238C01E8AA726008E6099 /* WorldTrotterUITests */,
				2D62389F1E8AA726008E6099 /* Products */,
			);
			sourceTree = "<group>";
		};
		2D62389F1E8AA726008E6099 /* Products */ = {
			isa = PBXGroup;
			children = (
				2D62389E1E8AA726008E6099 /* WorldTrotter.app */,
				2D6238B21E8AA726008E6099 /* WorldTrotterTests.xctest */,
				2D6238BD1E8AA726008E6099 /* WorldTrotterUITests.xctest */,
			);
			name = Products;
			sourceTree = "<group>";
		};
		2D6238A01E8AA726008E6099 /* WorldTrotter */ = {
			isa = PBXGroup;
			children = (
				2D6238A11E8AA726008E6099 /* AppDelegate.swift */,
				2D6238A31E8AA726008E6099 /* ViewController.swift */,
				2D6238A51E8AA726008E6099 /* Main.storyboard */,
				2D6238A81E8AA726008E6099 /* Assets.xcassets */,
				2D6238AA1E8AA726008E6099 /* LaunchScreen.storyboard */,
				2D6238AD1E8AA726008E6099 /* Info.plist */,
			);
			path = WorldTrotter;
			sourceTree = "<group>";
		};
		2D6238B51E8AA726008E6099 /* WorldTrotterTests */ = {
			isa = PBXGroup;
			children = (
				2D6238B61E8AA726008E6099 /* WorldTrotterTests.swift */,
				2D6238B81E8AA726008E6099 /* Info.plist */,
			);
			path = WorldTrotterTests;
			sourceTree = "<group>";
		};
		2D6238C01E8AA726008E6099 /* WorldTrotterUITests */ = {
			isa = PBXGroup;
			children = (
				2D6238C11E8AA726008E6099 /* WorldTrotterUITests.swift */,
				2D6238C31E8AA726008E6099 /* Info.plist */,
			);
			path = WorldTrotterUITests;
			sourceTree = "<group>";
		};
/* End PBXGroup section */

/* Begin PBXNativeTarget section */
		2D62389D1E8AA725008E6099 /* WorldTrotter */ = {
			isa = PBXNativeTarget;
			buildConfigurationList = 2D6238C61E8AA726008E6099 /* Build configuration list for PBXNativeTarget "WorldTrotter" */;
			buildPhases = (
				2D62389A1E8AA725008E6099 /* Sources */,
				2D62389B1E8AA725008E6099 /* Frameworks */,
				2D62389C1E8AA725008E6099 /* Resources */,
			);
			buildRules = (
			);
			dependencies = (
			);
			name = WorldTrotter;
			productName = WorldTrotter;
			productReference = 2D62389E1E8AA726008E6099 /* WorldTrotter.app */;
			productType = "com.apple.product-type.application";
		};
		2D6238B11E8AA726008E6099 /* WorldTrotterTests */ = {
			isa = PBXNativeTarget;
			buildConfigurationList = 2D6238C91E8AA726008E6099 /* Build configuration list for PBXNativeTarget "WorldTrotterTests" */;
			buildPhases = (
				2D6238AE1E8AA726008E6099 /* Sources */,
				2D6238AF1E8AA726008E6099 /* Frameworks */,
				2D6238B01E8AA726008E6099 /* Resources */,
			);
			buildRules = (
			);
			dependencies = (
				2D6238B41E8AA726008E6099 /* PBXTargetDependency */,
			);
			name = WorldTrotterTests;
			productName = WorldTrotterTests;
			productReference = 2D6238B21E8AA726008E6099 /* WorldTrotterTests.xctest */;
			productType = "com.apple.product-type.bundle.unit-test";
		};
		2D6238BC1E8AA726008E6099 /* WorldTrotterUITests */ = {
			isa = PBXNativeTarget;
			buildConfigurationList = 2D6238CC1E8AA726008E6099 /* Build configuration list for PBXNativeTarget "WorldTrotterUITests" */;
			buildPhases = (
				2D6238B91E8AA726008E6099 /* Sources */,
				2D6238BA1E8AA726008E6099 /* Frameworks */,
				2D6238BB1E8AA726008E6099 /* Resources */,
			);
			buildRules = (
			);
			dependencies = (
				2D6238BF1E8AA726008E6099 /* PBXTargetDependency */,
			);
			name = WorldTrotterUITests;
			productName = WorldTrotterUITests;
			productReference = 2D6238BD1E8AA726008E6099 /* WorldTrotterUITests.xctest */;
			productType = "com.apple.product-type.bundle.ui-testing";
		};
/* End PBXNativeTarget section */

/* Begin PBXProject section */
		2D6238961E8AA725008E6099 /* Project object */ = {
			isa = PBXProject;
			attributes = {
				LastSwiftUpdateCheck = 0830;
				LastUpgradeCheck = 0830;
				ORGANIZATIONNAME = "Big Nerd Ranch";
				TargetAttributes = {
					2D62389D1E8AA725008E6099 = {
						CreatedOnToolsVersion = 8.3;
						ProvisioningStyle = Automatic;
					};
					2D6238B11E8AA726008E6099 = {
						CreatedOnToolsVersion = 8.3;
						ProvisioningStyle = Automatic;
						TestTargetID = 2D62389D1E8AA725008E6099;
					};
					2D6238BC1E8AA726008E6099 = {
						CreatedOnToolsVersion = 8.3;
						ProvisioningStyle = Automatic;
						TestTargetID = 2D62389D1E8AA725008E6099;
					};
				};
			};
			buildConfigurationList = 2D6238991E8AA725008E6099 /* Build configuration list for PBXProject "WorldTrotter" */;
			compatibilityVersion = "Xcode 3.2";
			developmentRegion = English;
			hasScannedForEncodings = 0;
			knownRegions = (
				en,
				Base,
			);
			mainGroup = 2D6238951E8AA725008E6099;
			productRefGroup = 2D62389F1E8AA726008E6099 /* Products */;
			projectDirPath = "";
			projectRoot = "";
			targets = (
				2D62389D1E8AA725008E6099 /* WorldTrotter */,
				2D6238B11E8AA726008E6099 /* WorldTrotterTests */,
				2D6238BC1E8AA726008E6099 /* WorldTrotterUITests */,
			);
		};
/* End PBXProject section */

/* Begin PBXResourcesBuildPhase section */
		2D62389C1E8AA725008E6099 /* Resources */ = {
			isa = PBXResourcesBuildPhase;
			buildActionMask = 2147483647;
			files = (
				2D6238AC1E8AA726008E6099 /* LaunchScreen.storyboard in Resources */,
				2D6238A91E8AA726008E6099 /* Assets.xcassets in Resources */,
				2D6238A71E8AA726008E6099 /* Main.storyboard in Resources */,
			);
			runOnlyForDeploymentPostprocessing = 0;
		};
		2D6238B01E8AA726008E6099 /* Resources */ = {
			isa = PBXResourcesBuildPhase;
			buildActionMask = 2147483647;
			files = (
			);
			runOnlyForDeploymentPostprocessing = 0;
		};
		2D6238BB1E8AA726008E6099 /* Resources */ = {
			isa = PBXResourcesBuildPhase;
			buildActionMask = 2147483647;
			files = (
			);
			runOnlyForDeploymentPostprocessing = 0;
		};
/* End PBXResourcesBuildPhase section */

/* Begin PBXSourcesBuildPhase section */
		2D62389A1E8AA725008E6099 /* Sources */ = {
			isa = PBXSourcesBuildPhase;
			buildActionMask = 2147483647;
			files = (
				2D6238A41E8AA726008E6099 /* ViewController.swift in Sources */,
				2D6238A21E8AA726008E6099 /* AppDelegate.swift in Sources */,
			);
			runOnlyForDeploymentPostprocessing = 0;
		};
		2D6238AE1E8AA726008E6099 /* Sources */ = {
			isa = PBXSourcesBuildPhase;
			buildActionMask = 2147483647;
			files = (
				2D6238B71E8AA726008E6099 /* WorldTrotterTests.swift in Sources */,
			);
			runOnlyForDeploymentPostprocessing = 0;
		};
		2D6238B91E8AA726008E6099 /* Sources */ = {
			isa = PBXSourcesBuildPhase;
			buildActionMask = 2147483647;
			files = (
				2D6238C21E8AA726008E6099 /* WorldTrotterUITests.swift in Sources */,
			);
			runOnlyForDeploymentPostprocessing = 0;
		};
/* End PBXSourcesBuildPhase section */

/* Begin PBXTargetDependency section */
		2D6238B41E8AA726008E6099 /* PBXTargetDependency */ = {
			isa = PBXTargetDependency;
			target = 2D62389D1E8AA725008E6099 /* WorldTrotter */;
			targetProxy = 2D6238B31E8AA726008E6099 /* PBXContainerItemProxy */;
		};
		2D6238BF1E8AA726008E6099 /* PBXTargetDependency */ = {
			isa = PBXTargetDependency;
			target = 2D62389D1E8AA725008E6099 /* WorldTrotter */;
			targetProxy = 2D6238BE1E8AA726008E6099 /* PBXContainerItemProxy */;
		};
/* End PBXTargetDependency section */

/* Begin PBXVariantGroup section */
		2D6238A51E8AA726008E6099 /* Main.storyboard */ = {
			isa = PBXVariantGroup;
			children = (
				2D6238A61E8AA726008E6099 /* Base */,
			);
			name = Main.storyboard;
			sourceTree = "<group>";
		};
		2D6238AA1E8AA726008E6099 /* LaunchScreen.storyboard */ = {
			isa = PBXVariantGroup;
			children = (
				2D6238AB1E8AA726008E6099 /* Base */,
			);
			name = LaunchScreen.storyboard;
			sourceTree = "<group>";
		};
/* End PBXVariantGroup section */

/* Begin XCBuildConfiguration section */
		2D6238C41E8AA726008E6099 /* Debug */ = {
			isa = XCBuildConfiguration;
			buildSettings = {
				ALWAYS_SEARCH_USER_PATHS = NO;
				CLANG_ANALYZER_NONNULL = YES;
				CLANG_ANALYZER_NUMBER_OBJECT_CONVERSION = YES_AGGRESSIVE;
				CLANG_CXX_LANGUAGE_STANDARD = "gnu++0x";
				CLANG_CXX_LIBRARY = "libc++";
				CLANG_ENABLE_MODULES = YES;
				CLANG_ENABLE_OBJC_ARC = YES;
				CLANG_WARN_BOOL_CONVERSION = YES;
				CLANG_WARN_CONSTANT_CONVERSION = YES;
				CLANG_WARN_DIRECT_OBJC_ISA_USAGE = YES_ERROR;
				CLANG_WARN_DOCUMENTATION_COMMENTS = YES;
				CLANG_WARN_EMPTY_BODY = YES;
				CLANG_WARN_ENUM_CONVERSION = YES;
				CLANG_WARN_INFINITE_RECURSION = YES;
				CLANG_WARN_INT_CONVERSION = YES;
				CLANG_WARN_OBJC_ROOT_CLASS = YES_ERROR;
				CLANG_WARN_SUSPICIOUS_MOVE = YES;
				CLANG_WARN_UNREACHABLE_CODE = YES;
				CLANG_WARN__DUPLICATE_METHOD_MATCH = YES;
				"CODE_SIGN_IDENTITY[sdk=iphoneos*]" = "iPhone Developer";
				COPY_PHASE_STRIP = NO;
				DEBUG_INFORMATION_FORMAT = dwarf;
				ENABLE_STRICT_OBJC_MSGSEND = YES;
				ENABLE_TESTABILITY = YES;
				GCC_C_LANGUAGE_STANDARD = gnu99;
				GCC_DYNAMIC_NO_PIC = NO;
				GCC_NO_COMMON_BLOCKS = YES;
				GCC_OPTIMIZATION_LEVEL = 0;
				GCC_PREPROCESSOR_DEFINITIONS = (
					"DEBUG=1",
					"$(inherited)",
				);
				GCC_WARN_64_TO_32_BIT_CONVERSION = YES;
				GCC_WARN_ABOUT_RETURN_TYPE = YES_ERROR;
				GCC_WARN_UNDECLARED_SELECTOR = YES;
				GCC_WARN_UNINITIALIZED_AUTOS = YES_AGGRESSIVE;
				GCC_WARN_UNUSED_FUNCTION = YES;
				GCC_WARN_UNUSED_VARIABLE = YES;
				IPHONEOS_DEPLOYMENT_TARGET = 10.3;
				MTL_ENABLE_DEBUG_INFO = YES;
				ONLY_ACTIVE_ARCH = YES;
				SDKROOT = iphoneos;
				SWIFT_ACTIVE_COMPILATION_CONDITIONS = DEBUG;
				SWIFT_OPTIMIZATION_LEVEL = "-Onone";
				TARGETED_DEVICE_FAMILY = "1,2";
			};
			name = Debug;
		};
		2D6238C51E8AA726008E6099 /* Release */ = {
			isa = XCBuildConfiguration;
			buildSettings = {
				ALWAYS_SEARCH_USER_PATHS = NO;
				CLANG_ANALYZER_NONNULL = YES;
				CLANG_ANALYZER_NUMBER_OBJECT_CONVERSION = YES_AGGRESSIVE;
				CLANG_CXX_LANGUAGE_STANDARD = "gnu++0x";
				CLANG_CXX_LIBRARY = "libc++";
				CLANG_ENABLE_MODULES = YES;
				CLANG_ENABLE_OBJC_ARC = YES;
				CLANG_WARN_BOOL_CONVERSION = YES;
				CLANG_WARN_CONSTANT_CONVERSION = YES;
				CLANG_WARN_DIRECT_OBJC_ISA_USAGE = YES_ERROR;
				CLANG_WARN_DOCUMENTATION_COMMENTS = YES;
				CLANG_WARN_EMPTY_BODY = YES;
				CLANG_WARN_ENUM_CONVERSION = YES;
				CLANG_WARN_INFINITE_RECURSION = YES;
				CLANG_WARN_INT_CONVERSION = YES;
				CLANG_WARN_OBJC_ROOT_CLASS = YES_ERROR;
				CLANG_WARN_SUSPICIOUS_MOVE = YES;
				CLANG_WARN_UNREACHABLE_CODE = YES;
				CLANG_WARN__DUPLICATE_METHOD_MATCH = YES;
				"CODE_SIGN_IDENTITY[sdk=iphoneos*]" = "iPhone Developer";
				COPY_PHASE_STRIP = NO;
				DEBUG_INFORMATION_FORMAT = "dwarf-with-dsym";
				ENABLE_NS_ASSERTIONS = NO;
				ENABLE_STRICT_OBJC_MSGSEND = YES;
				GCC_C_LANGUAGE_STANDARD = gnu99;
				GCC_NO_COMMON_BLOCKS = YES;
				GCC_WARN_64_TO_32_BIT_CONVERSION = YES;
				GCC_WARN_ABOUT_RETURN_TYPE = YES_ERROR;
				GCC_WARN_UNDECLARED_SELECTOR = YES;
				GCC_WARN_UNINITIALIZED_AUTOS = YES_AGGRESSIVE;
				GCC_WARN_UNUSED_FUNCTION = YES;
				GCC_WARN_UNUSED_VARIABLE = YES;
				IPHONEOS_DEPLOYMENT_TARGET = 10.3;
				MTL_ENABLE_DEBUG_INFO = NO;
				SDKROOT = iphoneos;
				SWIFT_OPTIMIZATION_LEVEL = "-Owholemodule";
				TARGETED_DEVICE_FAMILY = "1,2";
				VALIDATE_PRODUCT = YES;
			};
			name = Release;
		};
		2D6238C71E8AA726008E6099 /* Debug */ = {
			isa = XCBuildConfiguration;
			buildSettings = {
				ASSETCATALOG_COMPILER_APPICON_NAME = AppIcon;
				INFOPLIST_FILE = WorldTrotter/Info.plist;
				LD_RUNPATH_SEARCH_PATHS = "$(inherited) @executable_path/Frameworks";
				PRODUCT_BUNDLE_IDENTIFIER = com.bignerdranch.WorldTrotter;
				PRODUCT_NAME = "$(TARGET_NAME)";
				SWIFT_VERSION = 3.0;
			};
			name = Debug;
		};
		2D6238C81E8AA726008E6099 /* Release */ = {
			isa = XCBuildConfiguration;
			buildSettings = {
				ASSETCATALOG_COMPILER_APPICON_NAME = AppIcon;
				INFOPLIST_FILE = WorldTrotter/Info.plist;
				LD_RUNPATH_SEARCH_PATHS = "$(inherited) @executable_path/Frameworks";
				PRODUCT_BUNDLE_IDENTIFIER = com.bignerdranch.WorldTrotter;
				PRODUCT_NAME = "$(TARGET_NAME)";
				SWIFT_VERSION = 3.0;
			};
			name = Release;
		};
		2D6238CA1E8AA726008E6099 /* Debug */ = {
			isa = XCBuildConfiguration;
			buildSettings = {
				ALWAYS_EMBED_SWIFT_STANDARD_LIBRARIES = YES;
				BUNDLE_LOADER = "$(TEST_HOST)";
				INFOPLIST_FILE = WorldTrotterTests/Info.plist;
				LD_RUNPATH_SEARCH_PATHS = "$(inherited) @executable_path/Frameworks @loader_path/Frameworks";
				PRODUCT_BUNDLE_IDENTIFIER = com.bignerdranch.WorldTrotterTests;
				PRODUCT_NAME = "$(TARGET_NAME)";
				SWIFT_VERSION = 3.0;
				TEST_HOST = "$(BUILT_PRODUCTS_DIR)/WorldTrotter.app/WorldTrotter";
			};
			name = Debug;
		};
		2D6238CB1E8AA726008E6099 /* Release */ = {
			isa = XCBuildConfiguration;
			buildSettings = {
				ALWAYS_EMBED_SWIFT_STANDARD_LIBRARIES = YES;
				BUNDLE_LOADER = "$(TEST_HOST)";
				INFOPLIST_FILE = WorldTrotterTests/Info.plist;
				LD_RUNPATH_SEARCH_PATHS = "$(inherited) @executable_path/Frameworks @loader_path/Frameworks";
				PRODUCT_BUNDLE_IDENTIFIER = com.bignerdranch.WorldTrotterTests;
				PRODUCT_NAME = "$(TARGET_NAME)";
				SWIFT_VERSION = 3.0;
				TEST_HOST = "$(BUILT_PRODUCTS_DIR)/WorldTrotter.app/WorldTrotter";
			};
			name = Release;
		};
		2D6238CD1E8AA726008E6099 /* Debug */ = {
			isa = XCBuildConfiguration;
			buildSettings = {
				ALWAYS_EMBED_SWIFT_STANDARD_LIBRARIES = YES;
				INFOPLIST_FILE = WorldTrotterUITests/Info.plist;
				LD_RUNPATH_SEARCH_PATHS = "$(inherited) @executable_path/Frameworks @loader_path/Frameworks";
				PRODUCT_BUNDLE_IDENTIFIER = com.bignerdranch.WorldTrotterUITests;
				PRODUCT_NAME = "$(TARGET_NAME)";
				SWIFT_VERSION = 3.0;
				TEST_TARGET_NAME = WorldTrotter;
			};
			name = Debug;
		};
		2D6238CE1E8AA726008E6099 /* Release */ = {
			isa = XCBuildConfiguration;
			buildSettings = {
				ALWAYS_EMBED_SWIFT_STANDARD_LIBRARIES = YES;
				INFOPLIST_FILE = WorldTrotterUITests/Info.plist;
				LD_RUNPATH_SEARCH_PATHS = "$(inherited) @executable_path/Frameworks @loader_path/Frameworks";
				PRODUCT_BUNDLE_IDENTIFIER = com.bignerdranch.WorldTrotterUITests;
				PRODUCT_NAME = "$(TARGET_NAME)";
				SWIFT_VERSION = 3.0;
				TEST_TARGET_NAME = WorldTrotter;
			};
			name = Release;
		};
/* End XCBuildConfiguration section */

/* Begin XCConfigurationList section */
		2D6238991E8AA725008E6099 /* Build configuration list for PBXProject "WorldTrotter" */ = {
			isa = XCConfigurationList;
			buildConfigurations = (
				2D6238C41E8AA726008E6099 /* Debug */,
				2D6238C51E8AA726008E6099 /* Release */,
			);
			defaultConfigurationIsVisible = 0;
			defaultConfigurationName = Release;
		};
		2D6238C61E8AA726008E6099 /* Build configuration list for PBXNativeTarget "WorldTrotter" */ = {
			isa = XCConfigurationList;
			buildConfigurations = (
				2D6238C71E8AA726008E6099 /* Debug */,
				2D6238C81E8AA726008E6099 /* Release */,
			);
			defaultConfigurationIsVisible = 0;
		};
		2D6238C91E8AA726008E6099 /* Build configuration list for PBXNativeTarget "WorldTrotterTests" */ = {
			isa = XCConfigurationList;
			buildConfigurations = (
				2D6238CA1E8AA726008E6099 /* Debug */,
				2D6238CB1E8AA726008E6099 /* Release */,
			);
			defaultConfigurationIsVisible = 0;
		};
		2D6238CC1E8AA726008E6099 /* Build configuration list for PBXNativeTarget "WorldTrotterUITests" */ = {
			isa = XCConfigurationList;
			buildConfigurations = (
				2D6238CD1E8AA726008E6099 /* Debug */,
				2D6238CE1E8AA726008E6099 /* Release */,
			);
			defaultConfigurationIsVisible = 0;
		};
/* End XCConfigurationList section */
	};
	rootObject = 2D6238961E8AA725008E6099 /* Project object */;
}
